[[package]]
name = "appdirs"
version = "1.4.4"
description = "A small Python module for determining appropriate platform-specific dirs, e.g. a \"user data dir\"."
category = "main"
optional = false
python-versions = "*"

[[package]]
name = "attrs"
version = "21.2.0"
description = "Classes Without Boilerplate"
category = "main"
optional = false
python-versions = ">=2.7, !=3.0.*, !=3.1.*, !=3.2.*, !=3.3.*, !=3.4.*"

[package.extras]
dev = ["coverage[toml] (>=5.0.2)", "hypothesis", "pympler", "pytest (>=4.3.0)", "six", "mypy", "pytest-mypy-plugins", "zope.interface", "furo", "sphinx", "sphinx-notfound-page", "pre-commit"]
docs = ["furo", "sphinx", "zope.interface", "sphinx-notfound-page"]
tests = ["coverage[toml] (>=5.0.2)", "hypothesis", "pympler", "pytest (>=4.3.0)", "six", "mypy", "pytest-mypy-plugins", "zope.interface"]
tests_no_zope = ["coverage[toml] (>=5.0.2)", "hypothesis", "pympler", "pytest (>=4.3.0)", "six", "mypy", "pytest-mypy-plugins"]

[[package]]
name = "autoflake"
version = "1.4"
description = "Removes unused imports and unused variables"
category = "dev"
optional = false
python-versions = "*"

[package.dependencies]
pyflakes = ">=1.1.0"

[[package]]
name = "cached-property"
version = "1.5.2"
description = "A decorator for caching properties in classes."
category = "main"
optional = false
python-versions = "*"

[[package]]
name = "certifi"
version = "2020.12.5"
description = "Python package for providing Mozilla's CA Bundle."
category = "main"
optional = false
python-versions = "*"

[[package]]
name = "charset-normalizer"
version = "2.0.3"
description = "The Real First Universal Charset Detector. Open, modern and actively maintained alternative to Chardet."
category = "main"
optional = false
python-versions = ">=3.5.0"

[package.extras]
unicode_backport = ["unicodedata2"]

[[package]]
name = "click"
version = "7.1.2"
description = "Composable command line interface toolkit"
category = "main"
optional = false
python-versions = ">=2.7, !=3.0.*, !=3.1.*, !=3.2.*, !=3.3.*, !=3.4.*"

[[package]]
name = "colorama"
version = "0.4.4"
description = "Cross-platform colored terminal text."
category = "main"
optional = false
python-versions = ">=2.7, !=3.0.*, !=3.1.*, !=3.2.*, !=3.3.*, !=3.4.*"

[[package]]
name = "commonmark"
version = "0.9.1"
description = "Python parser for the CommonMark Markdown spec"
category = "main"
optional = false
python-versions = "*"

[package.extras]
test = ["flake8 (==3.7.8)", "hypothesis (==3.55.3)"]

[[package]]
name = "deep-security-api"
version = "20.0.60"
description = "Trend Micro Deep Security API"
category = "main"
optional = false
python-versions = "*"

[package.dependencies]
certifi = "*"
python-dateutil = "*"
six = ">=1.10"
urllib3 = ">=1.15"

[[package]]
name = "defusedxml"
version = "0.7.1"
description = "XML bomb protection for Python stdlib modules"
category = "main"
optional = false
python-versions = ">=2.7, !=3.0.*, !=3.1.*, !=3.2.*, !=3.3.*, !=3.4.*"

[[package]]
name = "fancycompleter"
version = "0.9.1"
description = "colorful TAB completion for Python prompt"
category = "dev"
optional = false
python-versions = "*"

[package.dependencies]
pyreadline = {version = "*", markers = "platform_system == \"Windows\""}
pyrepl = ">=0.8.2"

[[package]]
name = "idna"
version = "3.2"
description = "Internationalized Domain Names in Applications (IDNA)"
category = "main"
optional = false
python-versions = ">=3.5"

[[package]]
name = "isodate"
version = "0.6.0"
description = "An ISO 8601 date/time/duration parser and formatter"
category = "main"
optional = false
python-versions = "*"

[package.dependencies]
six = "*"

[[package]]
name = "lxml"
version = "4.6.3"
description = "Powerful and Pythonic XML processing library combining libxml2/libxslt with the ElementTree API."
category = "main"
optional = false
python-versions = ">=2.7, !=3.0.*, !=3.1.*, !=3.2.*, !=3.3.*, != 3.4.*"

[package.extras]
cssselect = ["cssselect (>=0.7)"]
html5 = ["html5lib"]
htmlsoup = ["beautifulsoup4"]
source = ["Cython (>=0.29.7)"]

[[package]]
name = "nested-lookup"
version = "0.2.22"
description = "Python functions for working with deeply nested documents (lists and dicts)"
category = "main"
optional = false
python-versions = "*"

[package.dependencies]
six = "*"

[[package]]
name = "pdbpp"
version = "0.10.3"
description = "pdb++, a drop-in replacement for pdb"
category = "dev"
optional = false
python-versions = "*"

[package.dependencies]
fancycompleter = ">=0.8"
pygments = "*"
wmctrl = "*"

[package.extras]
funcsigs = ["funcsigs"]
testing = ["funcsigs", "pytest"]

[[package]]
name = "pyflakes"
version = "2.3.1"
description = "passive checker of Python programs"
category = "dev"
optional = false
python-versions = ">=2.7, !=3.0.*, !=3.1.*, !=3.2.*, !=3.3.*"

[[package]]
name = "pygments"
version = "2.9.0"
description = "Pygments is a syntax highlighting package written in Python."
category = "main"
optional = false
python-versions = ">=3.5"

[[package]]
name = "pyreadline"
version = "2.1"
description = "A python implmementation of GNU readline."
category = "dev"
optional = false
python-versions = "*"

[[package]]
name = "pyrepl"
version = "0.9.0"
description = "A library for building flexible command line interfaces"
category = "dev"
optional = false
python-versions = "*"

[[package]]
name = "python-dateutil"
version = "2.8.2"
description = "Extensions to the standard Python datetime module"
category = "main"
optional = false
python-versions = "!=3.0.*,!=3.1.*,!=3.2.*,>=2.7"

[package.dependencies]
six = ">=1.5"

[[package]]
name = "pytz"
version = "2021.1"
description = "World timezone definitions, modern and historical"
category = "main"
optional = false
python-versions = "*"

[[package]]
name = "pyyaml"
version = "5.4.1"
description = "YAML parser and emitter for Python"
category = "main"
optional = false
python-versions = ">=2.7, !=3.0.*, !=3.1.*, !=3.2.*, !=3.3.*, !=3.4.*, !=3.5.*"

[[package]]
name = "requests"
version = "2.26.0"
description = "Python HTTP for Humans."
category = "main"
optional = false
python-versions = ">=2.7, !=3.0.*, !=3.1.*, !=3.2.*, !=3.3.*, !=3.4.*, !=3.5.*"

[package.dependencies]
certifi = ">=2017.4.17"
charset-normalizer = {version = ">=2.0.0,<2.1.0", markers = "python_version >= \"3\""}
idna = {version = ">=2.5,<4", markers = "python_version >= \"3\""}
urllib3 = ">=1.21.1,<1.27"

[package.extras]
socks = ["PySocks (>=1.5.6,!=1.5.7)", "win-inet-pton"]
use_chardet_on_py3 = ["chardet (>=3.0.2,<5)"]

[[package]]
name = "requests-file"
version = "1.5.1"
description = "File transport adapter for Requests"
category = "main"
optional = false
python-versions = "*"

[package.dependencies]
requests = ">=1.0.0"
six = "*"

[[package]]
name = "requests-toolbelt"
version = "0.9.1"
description = "A utility belt for advanced users of python-requests"
category = "main"
optional = false
python-versions = "*"

[package.dependencies]
requests = ">=2.0.1,<3.0.0"

[[package]]
name = "rich"
version = "10.6.0"
description = "Render rich text, tables, progress bars, syntax highlighting, markdown and more to the terminal"
category = "main"
optional = false
python-versions = ">=3.6,<4.0"

[package.dependencies]
colorama = ">=0.4.0,<0.5.0"
commonmark = ">=0.9.0,<0.10.0"
pygments = ">=2.6.0,<3.0.0"
typing-extensions = {version = ">=3.7.4,<4.0.0", markers = "python_version < \"3.8\""}

[package.extras]
jupyter = ["ipywidgets (>=7.5.1,<8.0.0)"]

[[package]]
name = "six"
version = "1.16.0"
description = "Python 2 and 3 compatibility utilities"
category = "main"
optional = false
python-versions = ">=2.7, !=3.0.*, !=3.1.*, !=3.2.*"

[[package]]
name = "typing-extensions"
version = "3.10.0.0"
description = "Backported and Experimental Type Hints for Python 3.5+"
category = "main"
optional = false
python-versions = "*"

[[package]]
name = "urllib3"
version = "1.26.6"
description = "HTTP library with thread-safe connection pooling, file post, and more."
category = "main"
optional = false
python-versions = ">=2.7, !=3.0.*, !=3.1.*, !=3.2.*, !=3.3.*, !=3.4.*, <4"

[package.extras]
brotli = ["brotlipy (>=0.6.0)"]
secure = ["pyOpenSSL (>=0.14)", "cryptography (>=1.3.4)", "idna (>=2.0.0)", "certifi", "ipaddress"]
socks = ["PySocks (>=1.5.6,!=1.5.7,<2.0)"]

[[package]]
name = "wmctrl"
version = "0.4"
description = "A tool to programmatically control windows inside X"
category = "dev"
optional = false
python-versions = "*"

[[package]]
name = "zeep"
version = "4.0.0"
description = "A modern/fast Python SOAP client based on lxml / requests"
category = "main"
optional = false
python-versions = ">=3.6"

[package.dependencies]
appdirs = ">=1.4.0"
attrs = ">=17.2.0"
cached-property = ">=1.3.0"
defusedxml = ">=0.4.1"
isodate = ">=0.5.4"
lxml = ">=3.1.0"
pytz = "*"
requests = ">=2.7.0"
requests-file = ">=1.5.1"
requests-toolbelt = ">=0.7.1"

[package.extras]
async = ["httpx"]
docs = ["sphinx (>=1.4.0)"]
test = ["coverage[toml] (==5.2.1)", "freezegun (==0.3.15)", "mock (==2.0.0)", "pretend (==1.0.9)", "pytest-cov (==2.8.1)", "pytest-httpx", "pytest-asyncio", "pytest (==6.0.1)", "requests-mock (>=0.7.0)", "isort (==5.3.2)", "flake8 (==3.8.3)", "flake8-blind-except (==0.1.1)", "flake8-debugger (==3.2.1)", "flake8-imports (==0.1.1)"]
xmlsec = ["xmlsec (>=0.6.1)"]

[metadata]
lock-version = "1.1"
python-versions = "^3.7"
content-hash = "6cb924b58dcdd412258a5b42ce18f1b4879289fd2b822d5381a654e2216f3cc3"

[metadata.files]
appdirs = [
    {file = "appdirs-1.4.4-py2.py3-none-any.whl", hash = "sha256:a841dacd6b99318a741b166adb07e19ee71a274450e68237b4650ca1055ab128"},
    {file = "appdirs-1.4.4.tar.gz", hash = "sha256:7d5d0167b2b1ba821647616af46a749d1c653740dd0d2415100fe26e27afdf41"},
]
attrs = [
    {file = "attrs-21.2.0-py2.py3-none-any.whl", hash = "sha256:149e90d6d8ac20db7a955ad60cf0e6881a3f20d37096140088356da6c716b0b1"},
    {file = "attrs-21.2.0.tar.gz", hash = "sha256:ef6aaac3ca6cd92904cdd0d83f629a15f18053ec84e6432106f7a4d04ae4f5fb"},
]
autoflake = [
    {file = "autoflake-1.4.tar.gz", hash = "sha256:61a353012cff6ab94ca062823d1fb2f692c4acda51c76ff83a8d77915fba51ea"},
]
cached-property = [
    {file = "cached-property-1.5.2.tar.gz", hash = "sha256:9fa5755838eecbb2d234c3aa390bd80fbd3ac6b6869109bfc1b499f7bd89a130"},
    {file = "cached_property-1.5.2-py2.py3-none-any.whl", hash = "sha256:df4f613cf7ad9a588cc381aaf4a512d26265ecebd5eb9e1ba12f1319eb85a6a0"},
]
certifi = [
    {file = "certifi-2020.12.5-py2.py3-none-any.whl", hash = "sha256:719a74fb9e33b9bd44cc7f3a8d94bc35e4049deebe19ba7d8e108280cfd59830"},
    {file = "certifi-2020.12.5.tar.gz", hash = "sha256:1a4995114262bffbc2413b159f2a1a480c969de6e6eb13ee966d470af86af59c"},
]
charset-normalizer = [
    {file = "charset-normalizer-2.0.3.tar.gz", hash = "sha256:c46c3ace2d744cfbdebceaa3c19ae691f53ae621b39fd7570f59d14fb7f2fd12"},
    {file = "charset_normalizer-2.0.3-py3-none-any.whl", hash = "sha256:88fce3fa5b1a84fdcb3f603d889f723d1dd89b26059d0123ca435570e848d5e1"},
]
click = [
    {file = "click-7.1.2-py2.py3-none-any.whl", hash = "sha256:dacca89f4bfadd5de3d7489b7c8a566eee0d3676333fbb50030263894c38c0dc"},
    {file = "click-7.1.2.tar.gz", hash = "sha256:d2b5255c7c6349bc1bd1e59e08cd12acbbd63ce649f2588755783aa94dfb6b1a"},
]
colorama = [
    {file = "colorama-0.4.4-py2.py3-none-any.whl", hash = "sha256:9f47eda37229f68eee03b24b9748937c7dc3868f906e8ba69fbcbdd3bc5dc3e2"},
    {file = "colorama-0.4.4.tar.gz", hash = "sha256:5941b2b48a20143d2267e95b1c2a7603ce057ee39fd88e7329b0c292aa16869b"},
]
commonmark = [
    {file = "commonmark-0.9.1-py2.py3-none-any.whl", hash = "sha256:da2f38c92590f83de410ba1a3cbceafbc74fee9def35f9251ba9a971d6d66fd9"},
    {file = "commonmark-0.9.1.tar.gz", hash = "sha256:452f9dc859be7f06631ddcb328b6919c67984aca654e5fefb3914d54691aed60"},
]
deep-security-api = [
    {file = "deep_security_api-20.0.60-py3-none-any.whl", hash = "sha256:24c7d2f1c7ea1814ce06e2f45eddd9c9dc5f3430150756965727e5996e1b27c2"},
    {file = "deep_security_api-20.0.60.tar.gz", hash = "sha256:8fafb6337d14289f8be8ded11bf39d5bad0fdcb920705eeb90580ef631ddf6f9"},
]
defusedxml = [
    {file = "defusedxml-0.7.1-py2.py3-none-any.whl", hash = "sha256:a352e7e428770286cc899e2542b6cdaedb2b4953ff269a210103ec58f6198a61"},
    {file = "defusedxml-0.7.1.tar.gz", hash = "sha256:1bb3032db185915b62d7c6209c5a8792be6a32ab2fedacc84e01b52c51aa3e69"},
]
fancycompleter = [
    {file = "fancycompleter-0.9.1-py3-none-any.whl", hash = "sha256:dd076bca7d9d524cc7f25ec8f35ef95388ffef9ef46def4d3d25e9b044ad7080"},
    {file = "fancycompleter-0.9.1.tar.gz", hash = "sha256:09e0feb8ae242abdfd7ef2ba55069a46f011814a80fe5476be48f51b00247272"},
]
idna = [
    {file = "idna-3.2-py3-none-any.whl", hash = "sha256:14475042e284991034cb48e06f6851428fb14c4dc953acd9be9a5e95c7b6dd7a"},
    {file = "idna-3.2.tar.gz", hash = "sha256:467fbad99067910785144ce333826c71fb0e63a425657295239737f7ecd125f3"},
]
isodate = [
    {file = "isodate-0.6.0-py2.py3-none-any.whl", hash = "sha256:aa4d33c06640f5352aca96e4b81afd8ab3b47337cc12089822d6f322ac772c81"},
    {file = "isodate-0.6.0.tar.gz", hash = "sha256:2e364a3d5759479cdb2d37cce6b9376ea504db2ff90252a2e5b7cc89cc9ff2d8"},
]
lxml = [
    {file = "lxml-4.6.3-cp27-cp27m-macosx_10_9_x86_64.whl", hash = "sha256:df7c53783a46febb0e70f6b05df2ba104610f2fb0d27023409734a3ecbb78fb2"},
    {file = "lxml-4.6.3-cp27-cp27m-manylinux1_i686.whl", hash = "sha256:1b7584d421d254ab86d4f0b13ec662a9014397678a7c4265a02a6d7c2b18a75f"},
    {file = "lxml-4.6.3-cp27-cp27m-manylinux1_x86_64.whl", hash = "sha256:079f3ae844f38982d156efce585bc540c16a926d4436712cf4baee0cce487a3d"},
    {file = "lxml-4.6.3-cp27-cp27m-win32.whl", hash = "sha256:bc4313cbeb0e7a416a488d72f9680fffffc645f8a838bd2193809881c67dd106"},
    {file = "lxml-4.6.3-cp27-cp27m-win_amd64.whl", hash = "sha256:8157dadbb09a34a6bd95a50690595e1fa0af1a99445e2744110e3dca7831c4ee"},
    {file = "lxml-4.6.3-cp27-cp27mu-manylinux1_i686.whl", hash = "sha256:7728e05c35412ba36d3e9795ae8995e3c86958179c9770e65558ec3fdfd3724f"},
    {file = "lxml-4.6.3-cp27-cp27mu-manylinux1_x86_64.whl", hash = "sha256:4bff24dfeea62f2e56f5bab929b4428ae6caba2d1eea0c2d6eb618e30a71e6d4"},
    {file = "lxml-4.6.3-cp35-cp35m-manylinux1_i686.whl", hash = "sha256:74f7d8d439b18fa4c385f3f5dfd11144bb87c1da034a466c5b5577d23a1d9b51"},
    {file = "lxml-4.6.3-cp35-cp35m-manylinux1_x86_64.whl", hash = "sha256:f90ba11136bfdd25cae3951af8da2e95121c9b9b93727b1b896e3fa105b2f586"},
    {file = "lxml-4.6.3-cp35-cp35m-win32.whl", hash = "sha256:f2380a6376dfa090227b663f9678150ef27543483055cc327555fb592c5967e2"},
    {file = "lxml-4.6.3-cp35-cp35m-win_amd64.whl", hash = "sha256:c4f05c5a7c49d2fb70223d0d5bcfbe474cf928310ac9fa6a7c6dddc831d0b1d4"},
    {file = "lxml-4.6.3-cp36-cp36m-macosx_10_9_x86_64.whl", hash = "sha256:d2e35d7bf1c1ac8c538f88d26b396e73dd81440d59c1ef8522e1ea77b345ede4"},
    {file = "lxml-4.6.3-cp36-cp36m-manylinux1_i686.whl", hash = "sha256:289e9ca1a9287f08daaf796d96e06cb2bc2958891d7911ac7cae1c5f9e1e0ee3"},
    {file = "lxml-4.6.3-cp36-cp36m-manylinux1_x86_64.whl", hash = "sha256:bccbfc27563652de7dc9bdc595cb25e90b59c5f8e23e806ed0fd623755b6565d"},
    {file = "lxml-4.6.3-cp36-cp36m-manylinux2014_aarch64.whl", hash = "sha256:820628b7b3135403540202e60551e741f9b6d3304371712521be939470b454ec"},
    {file = "lxml-4.6.3-cp36-cp36m-win32.whl", hash = "sha256:5a0a14e264069c03e46f926be0d8919f4105c1623d620e7ec0e612a2e9bf1c04"},
    {file = "lxml-4.6.3-cp36-cp36m-win_amd64.whl", hash = "sha256:92e821e43ad382332eade6812e298dc9701c75fe289f2a2d39c7960b43d1e92a"},
    {file = "lxml-4.6.3-cp37-cp37m-macosx_10_9_x86_64.whl", hash = "sha256:efd7a09678fd8b53117f6bae4fa3825e0a22b03ef0a932e070c0bdbb3a35e654"},
    {file = "lxml-4.6.3-cp37-cp37m-manylinux1_i686.whl", hash = "sha256:efac139c3f0bf4f0939f9375af4b02c5ad83a622de52d6dfa8e438e8e01d0eb0"},
    {file = "lxml-4.6.3-cp37-cp37m-manylinux1_x86_64.whl", hash = "sha256:0fbcf5565ac01dff87cbfc0ff323515c823081c5777a9fc7703ff58388c258c3"},
    {file = "lxml-4.6.3-cp37-cp37m-manylinux2014_aarch64.whl", hash = "sha256:122fba10466c7bd4178b07dba427aa516286b846b2cbd6f6169141917283aae2"},
    {file = "lxml-4.6.3-cp37-cp37m-win32.whl", hash = "sha256:3439c71103ef0e904ea0a1901611863e51f50b5cd5e8654a151740fde5e1cade"},
    {file = "lxml-4.6.3-cp37-cp37m-win_amd64.whl", hash = "sha256:4289728b5e2000a4ad4ab8da6e1db2e093c63c08bdc0414799ee776a3f78da4b"},
    {file = "lxml-4.6.3-cp38-cp38-macosx_10_9_x86_64.whl", hash = "sha256:b007cbb845b28db4fb8b6a5cdcbf65bacb16a8bd328b53cbc0698688a68e1caa"},
    {file = "lxml-4.6.3-cp38-cp38-manylinux1_i686.whl", hash = "sha256:76fa7b1362d19f8fbd3e75fe2fb7c79359b0af8747e6f7141c338f0bee2f871a"},
    {file = "lxml-4.6.3-cp38-cp38-manylinux1_x86_64.whl", hash = "sha256:26e761ab5b07adf5f555ee82fb4bfc35bf93750499c6c7614bd64d12aaa67927"},
    {file = "lxml-4.6.3-cp38-cp38-manylinux2014_aarch64.whl", hash = "sha256:66e575c62792c3f9ca47cb8b6fab9e35bab91360c783d1606f758761810c9791"},
    {file = "lxml-4.6.3-cp38-cp38-win32.whl", hash = "sha256:89b8b22a5ff72d89d48d0e62abb14340d9e99fd637d046c27b8b257a01ffbe28"},
    {file = "lxml-4.6.3-cp38-cp38-win_amd64.whl", hash = "sha256:2a9d50e69aac3ebee695424f7dbd7b8c6d6eb7de2a2eb6b0f6c7db6aa41e02b7"},
    {file = "lxml-4.6.3-cp39-cp39-macosx_10_9_x86_64.whl", hash = "sha256:ce256aaa50f6cc9a649c51be3cd4ff142d67295bfc4f490c9134d0f9f6d58ef0"},
    {file = "lxml-4.6.3-cp39-cp39-manylinux1_i686.whl", hash = "sha256:7610b8c31688f0b1be0ef882889817939490a36d0ee880ea562a4e1399c447a1"},
    {file = "lxml-4.6.3-cp39-cp39-manylinux1_x86_64.whl", hash = "sha256:f8380c03e45cf09f8557bdaa41e1fa7c81f3ae22828e1db470ab2a6c96d8bc23"},
    {file = "lxml-4.6.3-cp39-cp39-manylinux2014_aarch64.whl", hash = "sha256:884ab9b29feaca361f7f88d811b1eea9bfca36cf3da27768d28ad45c3ee6f969"},
    {file = "lxml-4.6.3-cp39-cp39-win32.whl", hash = "sha256:33bb934a044cf32157c12bfcfbb6649807da20aa92c062ef51903415c704704f"},
    {file = "lxml-4.6.3-cp39-cp39-win_amd64.whl", hash = "sha256:542d454665a3e277f76954418124d67516c5f88e51a900365ed54a9806122b83"},
    {file = "lxml-4.6.3.tar.gz", hash = "sha256:39b78571b3b30645ac77b95f7c69d1bffc4cf8c3b157c435a34da72e78c82468"},
]
nested-lookup = [
    {file = "nested-lookup-0.2.22.tar.gz", hash = "sha256:e39adacd11e879dd6383b0a832cde97edce25d2a29cbc03a9c80fefa3a131e8b"},
]
pdbpp = [
    {file = "pdbpp-0.10.3-py2.py3-none-any.whl", hash = "sha256:79580568e33eb3d6f6b462b1187f53e10cd8e4538f7d31495c9181e2cf9665d1"},
    {file = "pdbpp-0.10.3.tar.gz", hash = "sha256:d9e43f4fda388eeb365f2887f4e7b66ac09dce9b6236b76f63616530e2f669f5"},
]
pyflakes = [
    {file = "pyflakes-2.3.1-py2.py3-none-any.whl", hash = "sha256:7893783d01b8a89811dd72d7dfd4d84ff098e5eed95cfa8905b22bbffe52efc3"},
    {file = "pyflakes-2.3.1.tar.gz", hash = "sha256:f5bc8ecabc05bb9d291eb5203d6810b49040f6ff446a756326104746cc00c1db"},
]
pygments = [
    {file = "Pygments-2.9.0-py3-none-any.whl", hash = "sha256:d66e804411278594d764fc69ec36ec13d9ae9147193a1740cd34d272ca383b8e"},
    {file = "Pygments-2.9.0.tar.gz", hash = "sha256:a18f47b506a429f6f4b9df81bb02beab9ca21d0a5fee38ed15aef65f0545519f"},
]
pyreadline = [
    {file = "pyreadline-2.1.win-amd64.exe", hash = "sha256:9ce5fa65b8992dfa373bddc5b6e0864ead8f291c94fbfec05fbd5c836162e67b"},
    {file = "pyreadline-2.1.win32.exe", hash = "sha256:65540c21bfe14405a3a77e4c085ecfce88724743a4ead47c66b84defcf82c32e"},
    {file = "pyreadline-2.1.zip", hash = "sha256:4530592fc2e85b25b1a9f79664433da09237c1a270e4d78ea5aa3a2c7229e2d1"},
]
pyrepl = [
    {file = "pyrepl-0.9.0.tar.gz", hash = "sha256:292570f34b5502e871bbb966d639474f2b57fbfcd3373c2d6a2f3d56e681a775"},
]
python-dateutil = [
    {file = "python-dateutil-2.8.2.tar.gz", hash = "sha256:0123cacc1627ae19ddf3c27a5de5bd67ee4586fbdd6440d9748f8abb483d3e86"},
    {file = "python_dateutil-2.8.2-py2.py3-none-any.whl", hash = "sha256:961d03dc3453ebbc59dbdea9e4e11c5651520a876d0f4db161e8674aae935da9"},
]
pytz = [
    {file = "pytz-2021.1-py2.py3-none-any.whl", hash = "sha256:eb10ce3e7736052ed3623d49975ce333bcd712c7bb19a58b9e2089d4057d0798"},
    {file = "pytz-2021.1.tar.gz", hash = "sha256:83a4a90894bf38e243cf052c8b58f381bfe9a7a483f6a9cab140bc7f702ac4da"},
]
pyyaml = [
    {file = "PyYAML-5.4.1-cp27-cp27m-macosx_10_9_x86_64.whl", hash = "sha256:3b2b1824fe7112845700f815ff6a489360226a5609b96ec2190a45e62a9fc922"},
    {file = "PyYAML-5.4.1-cp27-cp27m-win32.whl", hash = "sha256:129def1b7c1bf22faffd67b8f3724645203b79d8f4cc81f674654d9902cb4393"},
    {file = "PyYAML-5.4.1-cp27-cp27m-win_amd64.whl", hash = "sha256:4465124ef1b18d9ace298060f4eccc64b0850899ac4ac53294547536533800c8"},
    {file = "PyYAML-5.4.1-cp27-cp27mu-manylinux1_x86_64.whl", hash = "sha256:bb4191dfc9306777bc594117aee052446b3fa88737cd13b7188d0e7aa8162185"},
    {file = "PyYAML-5.4.1-cp36-cp36m-macosx_10_9_x86_64.whl", hash = "sha256:6c78645d400265a062508ae399b60b8c167bf003db364ecb26dcab2bda048253"},
    {file = "PyYAML-5.4.1-cp36-cp36m-manylinux1_x86_64.whl", hash = "sha256:4e0583d24c881e14342eaf4ec5fbc97f934b999a6828693a99157fde912540cc"},
    {file = "PyYAML-5.4.1-cp36-cp36m-manylinux2014_aarch64.whl", hash = "sha256:72a01f726a9c7851ca9bfad6fd09ca4e090a023c00945ea05ba1638c09dc3347"},
    {file = "PyYAML-5.4.1-cp36-cp36m-manylinux2014_s390x.whl", hash = "sha256:895f61ef02e8fed38159bb70f7e100e00f471eae2bc838cd0f4ebb21e28f8541"},
    {file = "PyYAML-5.4.1-cp36-cp36m-win32.whl", hash = "sha256:3bd0e463264cf257d1ffd2e40223b197271046d09dadf73a0fe82b9c1fc385a5"},
    {file = "PyYAML-5.4.1-cp36-cp36m-win_amd64.whl", hash = "sha256:e4fac90784481d221a8e4b1162afa7c47ed953be40d31ab4629ae917510051df"},
    {file = "PyYAML-5.4.1-cp37-cp37m-macosx_10_9_x86_64.whl", hash = "sha256:5accb17103e43963b80e6f837831f38d314a0495500067cb25afab2e8d7a4018"},
    {file = "PyYAML-5.4.1-cp37-cp37m-manylinux1_x86_64.whl", hash = "sha256:e1d4970ea66be07ae37a3c2e48b5ec63f7ba6804bdddfdbd3cfd954d25a82e63"},
    {file = "PyYAML-5.4.1-cp37-cp37m-manylinux2014_aarch64.whl", hash = "sha256:cb333c16912324fd5f769fff6bc5de372e9e7a202247b48870bc251ed40239aa"},
    {file = "PyYAML-5.4.1-cp37-cp37m-manylinux2014_s390x.whl", hash = "sha256:fe69978f3f768926cfa37b867e3843918e012cf83f680806599ddce33c2c68b0"},
    {file = "PyYAML-5.4.1-cp37-cp37m-win32.whl", hash = "sha256:dd5de0646207f053eb0d6c74ae45ba98c3395a571a2891858e87df7c9b9bd51b"},
    {file = "PyYAML-5.4.1-cp37-cp37m-win_amd64.whl", hash = "sha256:08682f6b72c722394747bddaf0aa62277e02557c0fd1c42cb853016a38f8dedf"},
    {file = "PyYAML-5.4.1-cp38-cp38-macosx_10_9_x86_64.whl", hash = "sha256:d2d9808ea7b4af864f35ea216be506ecec180628aced0704e34aca0b040ffe46"},
    {file = "PyYAML-5.4.1-cp38-cp38-manylinux1_x86_64.whl", hash = "sha256:8c1be557ee92a20f184922c7b6424e8ab6691788e6d86137c5d93c1a6ec1b8fb"},
    {file = "PyYAML-5.4.1-cp38-cp38-manylinux2014_aarch64.whl", hash = "sha256:fd7f6999a8070df521b6384004ef42833b9bd62cfee11a09bda1079b4b704247"},
    {file = "PyYAML-5.4.1-cp38-cp38-manylinux2014_s390x.whl", hash = "sha256:bfb51918d4ff3d77c1c856a9699f8492c612cde32fd3bcd344af9be34999bfdc"},
    {file = "PyYAML-5.4.1-cp38-cp38-win32.whl", hash = "sha256:fa5ae20527d8e831e8230cbffd9f8fe952815b2b7dae6ffec25318803a7528fc"},
    {file = "PyYAML-5.4.1-cp38-cp38-win_amd64.whl", hash = "sha256:0f5f5786c0e09baddcd8b4b45f20a7b5d61a7e7e99846e3c799b05c7c53fa696"},
    {file = "PyYAML-5.4.1-cp39-cp39-macosx_10_9_x86_64.whl", hash = "sha256:294db365efa064d00b8d1ef65d8ea2c3426ac366c0c4368d930bf1c5fb497f77"},
    {file = "PyYAML-5.4.1-cp39-cp39-manylinux1_x86_64.whl", hash = "sha256:74c1485f7707cf707a7aef42ef6322b8f97921bd89be2ab6317fd782c2d53183"},
    {file = "PyYAML-5.4.1-cp39-cp39-manylinux2014_aarch64.whl", hash = "sha256:d483ad4e639292c90170eb6f7783ad19490e7a8defb3e46f97dfe4bacae89122"},
    {file = "PyYAML-5.4.1-cp39-cp39-manylinux2014_s390x.whl", hash = "sha256:fdc842473cd33f45ff6bce46aea678a54e3d21f1b61a7750ce3c498eedfe25d6"},
    {file = "PyYAML-5.4.1-cp39-cp39-win32.whl", hash = "sha256:49d4cdd9065b9b6e206d0595fee27a96b5dd22618e7520c33204a4a3239d5b10"},
    {file = "PyYAML-5.4.1-cp39-cp39-win_amd64.whl", hash = "sha256:c20cfa2d49991c8b4147af39859b167664f2ad4561704ee74c1de03318e898db"},
    {file = "PyYAML-5.4.1.tar.gz", hash = "sha256:607774cbba28732bfa802b54baa7484215f530991055bb562efbed5b2f20a45e"},
]
requests = [
    {file = "requests-2.26.0-py2.py3-none-any.whl", hash = "sha256:6c1246513ecd5ecd4528a0906f910e8f0f9c6b8ec72030dc9fd154dc1a6efd24"},
    {file = "requests-2.26.0.tar.gz", hash = "sha256:b8aa58f8cf793ffd8782d3d8cb19e66ef36f7aba4353eec859e74678b01b07a7"},
]
requests-file = [
    {file = "requests-file-1.5.1.tar.gz", hash = "sha256:07d74208d3389d01c38ab89ef403af0cfec63957d53a0081d8eca738d0247d8e"},
    {file = "requests_file-1.5.1-py2.py3-none-any.whl", hash = "sha256:dfe5dae75c12481f68ba353183c53a65e6044c923e64c24b2209f6c7570ca953"},
]
requests-toolbelt = [
    {file = "requests-toolbelt-0.9.1.tar.gz", hash = "sha256:968089d4584ad4ad7c171454f0a5c6dac23971e9472521ea3b6d49d610aa6fc0"},
    {file = "requests_toolbelt-0.9.1-py2.py3-none-any.whl", hash = "sha256:380606e1d10dc85c3bd47bf5a6095f815ec007be7a8b69c878507068df059e6f"},
]
rich = [
    {file = "rich-10.6.0-py3-none-any.whl", hash = "sha256:d3f72827cd5df13b2ef7f1a97f81ec65548d4fdeb92cef653234f227580bbb2a"},
    {file = "rich-10.6.0.tar.gz", hash = "sha256:128261b3e2419a4ef9c97066ccc2abbfb49fa7c5e89c3fe4056d00aa5e9c1e65"},
]
six = [
    {file = "six-1.16.0-py2.py3-none-any.whl", hash = "sha256:8abb2f1d86890a2dfb989f9a77cfcfd3e47c2a354b01111771326f8aa26e0254"},
    {file = "six-1.16.0.tar.gz", hash = "sha256:1e61c37477a1626458e36f7b1d82aa5c9b094fa4802892072e49de9c60c4c926"},
]
typing-extensions = [
    {file = "typing_extensions-3.10.0.0-py2-none-any.whl", hash = "sha256:0ac0f89795dd19de6b97debb0c6af1c70987fd80a2d62d1958f7e56fcc31b497"},
    {file = "typing_extensions-3.10.0.0-py3-none-any.whl", hash = "sha256:779383f6086d90c99ae41cf0ff39aac8a7937a9283ce0a414e5dd782f4c94a84"},
    {file = "typing_extensions-3.10.0.0.tar.gz", hash = "sha256:50b6f157849174217d0656f99dc82fe932884fb250826c18350e159ec6cdf342"},
]
urllib3 = [
    {file = "urllib3-1.26.6-py2.py3-none-any.whl", hash = "sha256:39fb8672126159acb139a7718dd10806104dec1e2f0f6c88aab05d17df10c8d4"},
    {file = "urllib3-1.26.6.tar.gz", hash = "sha256:f57b4c16c62fa2760b7e3d97c35b255512fb6b59a259730f36ba32ce9f8e342f"},
]
wmctrl = [
    {file = "wmctrl-0.4.tar.gz", hash = "sha256:66cbff72b0ca06a22ec3883ac3a4d7c41078bdae4fb7310f52951769b10e14e0"},
]
zeep = [
    {file = "zeep-4.0.0-py2.py3-none-any.whl", hash = "sha256:12945da854ff10376d384d21a132b66e318784ef05c696ae300a130746f4baa8"},
    {file = "zeep-4.0.0.tar.gz", hash = "sha256:98158e43db33739d41502a1a7e3629dcb62dfd0864ea28c9d43f560a091cfe3f"},
]
